
Microsoft Visual Studio Solution File, Format Version 12.00
# Visual Studio Version 17
VisualStudioVersion = 17.0.31912.275
MinimumVisualStudioVersion = 10.0.40219.1
Project("{FAE04EC0-301F-11D3-BF4B-00C04F79EFBC}") = "Academy", "Academy\Academy.csproj", "{74D416E1-F3D3-4D26-BB2B-885213EDCE0B}"
EndProject
Global
	GlobalSection(SolutionConfigurationPlatforms) = preSolution
		Debug|Any CPU = Debug|Any CPU
		Release|Any CPU = Release|Any CPU
	EndGlobalSection
	GlobalSection(ProjectConfigurationPlatforms) = postSolution
		{74D416E1-F3D3-4D26-BB2B-885213EDCE0B}.Debug|Any CPU.ActiveCfg = Debug|Any CPU
		{74D416E1-F3D3-4D26-BB2B-885213EDCE0B}.Debug|Any CPU.Build.0 = Debug|Any CPU
		{74D416E1-F3D3-4D26-BB2B-885213EDCE0B}.Release|Any CPU.ActiveCfg = Release|Any CPU
		{74D416E1-F3D3-4D26-BB2B-885213EDCE0B}.Release|Any CPU.Build.0 = Release|Any CPU
	EndGlobalSection
	GlobalSection(SolutionProperties) = preSolution
		HideSolutionNode = FALSE
	EndGlobalSection
	GlobalSection(ExtensibilityGlobals) = postSolution
		SolutionGuid = {F7F8BCFF-8EE8-4BA1-8FD5-4D8DBB0445A5}
	EndGlobalSection
EndGlobal
